
Microsoft Visual Studio Solution File, Format Version 12.00
# Visual Studio Version 17
VisualStudioVersion = 17.13.35913.81
MinimumVisualStudioVersion = 10.0.40219.1
Project("{FAE04EC0-301F-11D3-BF4B-00C04F79EFBC}") = "Beadando", "Beadando.csproj", "{9B92CFA3-2D92-4484-A040-7442F41BA2D8}"
EndProject
Project("{FAE04EC0-301F-11D3-BF4B-00C04F79EFBC}") = "Beadando_projekt", "..\Beadando_projekt\Beadando_projekt.csproj", "{CFD09899-D087-4672-BA90-24B1CB8A4FE8}"
EndProject
Global
	GlobalSection(SolutionConfigurationPlatforms) = preSolution
		Debug|Any CPU = Debug|Any CPU
		Release|Any CPU = Release|Any CPU
	EndGlobalSection
	GlobalSection(ProjectConfigurationPlatforms) = postSolution
		{9B92CFA3-2D92-4484-A040-7442F41BA2D8}.Debug|Any CPU.ActiveCfg = Debug|Any CPU
		{9B92CFA3-2D92-4484-A040-7442F41BA2D8}.Debug|Any CPU.Build.0 = Debug|Any CPU
		{9B92CFA3-2D92-4484-A040-7442F41BA2D8}.Release|Any CPU.ActiveCfg = Release|Any CPU
		{9B92CFA3-2D92-4484-A040-7442F41BA2D8}.Release|Any CPU.Build.0 = Release|Any CPU
		{CFD09899-D087-4672-BA90-24B1CB8A4FE8}.Debug|Any CPU.ActiveCfg = Debug|Any CPU
		{CFD09899-D087-4672-BA90-24B1CB8A4FE8}.Debug|Any CPU.Build.0 = Debug|Any CPU
		{CFD09899-D087-4672-BA90-24B1CB8A4FE8}.Release|Any CPU.ActiveCfg = Release|Any CPU
		{CFD09899-D087-4672-BA90-24B1CB8A4FE8}.Release|Any CPU.Build.0 = Release|Any CPU
	EndGlobalSection
	GlobalSection(SolutionProperties) = preSolution
		HideSolutionNode = FALSE
	EndGlobalSection
	GlobalSection(ExtensibilityGlobals) = postSolution
		SolutionGuid = {4391B3EE-E195-4C9E-A82E-94CDD54180E0}
	EndGlobalSection
EndGlobal
